
Microsoft Visual Studio Solution File, Format Version 12.00
# Visual Studio Version 17
VisualStudioVersion = 17.7.34202.233
MinimumVisualStudioVersion = 10.0.40219.1
Project("{FAE04EC0-301F-11D3-BF4B-00C04F79EFBC}") = "DuongThiTrinh-Buoi2", "DuongThiTrinh-Buoi2\DuongThiTrinh-Buoi2.csproj", "{13813E7A-7AF9-40B0-890E-65603EF5FBE9}"
EndProject
Global
	GlobalSection(SolutionConfigurationPlatforms) = preSolution
		Debug|Any CPU = Debug|Any CPU
		Release|Any CPU = Release|Any CPU
	EndGlobalSection
	GlobalSection(ProjectConfigurationPlatforms) = postSolution
		{13813E7A-7AF9-40B0-890E-65603EF5FBE9}.Debug|Any CPU.ActiveCfg = Debug|Any CPU
		{13813E7A-7AF9-40B0-890E-65603EF5FBE9}.Debug|Any CPU.Build.0 = Debug|Any CPU
		{13813E7A-7AF9-40B0-890E-65603EF5FBE9}.Release|Any CPU.ActiveCfg = Release|Any CPU
		{13813E7A-7AF9-40B0-890E-65603EF5FBE9}.Release|Any CPU.Build.0 = Release|Any CPU
	EndGlobalSection
	GlobalSection(SolutionProperties) = preSolution
		HideSolutionNode = FALSE
	EndGlobalSection
	GlobalSection(ExtensibilityGlobals) = postSolution
		SolutionGuid = {038C9432-5AF6-4CC1-BC39-3D5DCF26B6D1}
	EndGlobalSection
EndGlobal
